<?xml version="1.0" encoding="utf-8"?>
<Project ToolsVersion="4.0" xmlns="http://schemas.microsoft.com/developer/msbuild/2003">
  <ItemGroup>
    <Filter Include="Source Files">
      <UniqueIdentifier>{4FC737F1-C7A5-4376-A066-2A32D752A2FF}</UniqueIdentifier>
      <Extensions>cpp;c;cc;cxx;c++;cppm;ixx;def;odl;idl;hpj;bat;asm;asmx</Extensions>
    </Filter>
    <Filter Include="Header Files">
      <UniqueIdentifier>{93995380-89BD-4b04-88EB-625FBE52EBFB}</UniqueIdentifier>
      <Extensions>h;hh;hpp;hxx;h++;hm;inl;inc;ipp;xsd</Extensions>
    </Filter>
    <Filter Include="Resource Files">
      <UniqueIdentifier>{67DA6AB6-F800-4c08-8B7A-83BB121AAD01}</UniqueIdentifier>
      <Extensions>rc;ico;cur;bmp;dlg;rc2;rct;bin;rgs;gif;jpg;jpeg;jpe;resx;tiff;tif;png;wav;mfcribbon-ms</Extensions>
    </Filter>
  </ItemGroup>
  <ItemGroup>
    <ClCompile Include="src\XRInstance.cpp">
      <Filter>Source Files</Filter>
    </ClCompile>
    <ClCompile Include="src\XRSystem.cpp">
      <Filter>Source Files</Filter>
    </ClCompile>
    <ClCompile Include="src\XRViewConfigurations.cpp">
      <Filter>Source Files</Filter>
    </ClCompile>
    <ClCompile Include="src\XRActions.cpp">
      <Filter>Source Files</Filter>
    </ClCompile>
    <ClCompile Include="src\XRSession.cpp">
      <Filter>Source Files</Filter>
    </ClCompile>
    <ClCompile Include="src\XRSwapchain.cpp">
      <Filter>Source Files</Filter>
    </ClCompile>
    <ClCompile Include="src\miru_xr_core_common.cpp">
      <Filter>Source Files</Filter>
    </ClCompile>
    <ClCompile Include="src\XRSpace.cpp">
      <Filter>Source Files</Filter>
    </ClCompile>
  </ItemGroup>
  <ItemGroup>
    <ClInclude Include="src\XRInstance.h">
      <Filter>Header Files</Filter>
    </ClInclude>
    <ClInclude Include="src\XRSystem.h">
      <Filter>Header Files</Filter>
    </ClInclude>
    <ClInclude Include="src\XRViewConfigurations.h">
      <Filter>Header Files</Filter>
    </ClInclude>
    <ClInclude Include="src\XRActions.h">
      <Filter>Header Files</Filter>
    </ClInclude>
    <ClInclude Include="src\XRSession.h">
      <Filter>Header Files</Filter>
    </ClInclude>
    <ClInclude Include="src\XRSwapchain.h">
      <Filter>Header Files</Filter>
    </ClInclude>
    <ClInclude Include="src\miru_xr_core.h">
      <Filter>Header Files</Filter>
    </ClInclude>
    <ClInclude Include="src\miru_xr_core_common.h">
      <Filter>Header Files</Filter>
    </ClInclude>
    <ClInclude Include="src\XRSpace.h">
      <Filter>Header Files</Filter>
    </ClInclude>
    <ClInclude Include="src\XRCompositionLayers.h">
      <Filter>Header Files</Filter>
    </ClInclude>
  </ItemGroup>
</Project>