
Microsoft Visual Studio Solution File, Format Version 12.00
# Visual Studio Version 17
VisualStudioVersion = 17.3.32901.215
MinimumVisualStudioVersion = 10.0.40219.1
Project("{8BC9CEB8-8B4A-11D0-8D11-00A0C91BC942}") = "MIRU_XR_CORE", "MIRU_XR_CORE\MIRU_XR_CORE.vcxproj", "{D48BA763-7607-4E76-850F-9D9EC6FC6C1B}"
EndProject
Project("{8BC9CEB8-8B4A-11D0-8D11-00A0C91BC942}") = "MIRU_XR_TEST", "MIRU_XR_TEST\MIRU_XR_TEST.vcxproj", "{B189E845-B9AC-469D-ACEC-E4445FAFEB38}"
	ProjectSection(ProjectDependencies) = postProject
		{D48BA763-7607-4E76-850F-9D9EC6FC6C1B} = {D48BA763-7607-4E76-850F-9D9EC6FC6C1B}
	EndProjectSection
EndProject
Global
	GlobalSection(SolutionConfigurationPlatforms) = preSolution
		Debug|x64 = Debug|x64
		Release|x64 = Release|x64
	EndGlobalSection
	GlobalSection(ProjectConfigurationPlatforms) = postSolution
		{D48BA763-7607-4E76-850F-9D9EC6FC6C1B}.Debug|x64.ActiveCfg = Debug|x64
		{D48BA763-7607-4E76-850F-9D9EC6FC6C1B}.Debug|x64.Build.0 = Debug|x64
		{D48BA763-7607-4E76-850F-9D9EC6FC6C1B}.Release|x64.ActiveCfg = Release|x64
		{D48BA763-7607-4E76-850F-9D9EC6FC6C1B}.Release|x64.Build.0 = Release|x64
		{B189E845-B9AC-469D-ACEC-E4445FAFEB38}.Debug|x64.ActiveCfg = Debug|x64
		{B189E845-B9AC-469D-ACEC-E4445FAFEB38}.Debug|x64.Build.0 = Debug|x64
		{B189E845-B9AC-469D-ACEC-E4445FAFEB38}.Release|x64.ActiveCfg = Release|x64
		{B189E845-B9AC-469D-ACEC-E4445FAFEB38}.Release|x64.Build.0 = Release|x64
	EndGlobalSection
	GlobalSection(SolutionProperties) = preSolution
		HideSolutionNode = FALSE
	EndGlobalSection
	GlobalSection(ExtensibilityGlobals) = postSolution
		SolutionGuid = {9D8767D1-D649-42B9-9B77-5334D323F402}
	EndGlobalSection
EndGlobal
